
Microsoft Visual Studio Solution File, Format Version 12.00
# Visual Studio Version 17
VisualStudioVersion = 17.11.35222.181
MinimumVisualStudioVersion = 10.0.40219.1
Project("{FAE04EC0-301F-11D3-BF4B-00C04F79EFBC}") = "deneme_11", "deneme_11\deneme_11.csproj", "{F58BE251-48B7-4937-ACFC-1B66B816144D}"
EndProject
Global
	GlobalSection(SolutionConfigurationPlatforms) = preSolution
		Debug|Any CPU = Debug|Any CPU
		Release|Any CPU = Release|Any CPU
	EndGlobalSection
	GlobalSection(ProjectConfigurationPlatforms) = postSolution
		{F58BE251-48B7-4937-ACFC-1B66B816144D}.Debug|Any CPU.ActiveCfg = Debug|Any CPU
		{F58BE251-48B7-4937-ACFC-1B66B816144D}.Debug|Any CPU.Build.0 = Debug|Any CPU
		{F58BE251-48B7-4937-ACFC-1B66B816144D}.Release|Any CPU.ActiveCfg = Release|Any CPU
		{F58BE251-48B7-4937-ACFC-1B66B816144D}.Release|Any CPU.Build.0 = Release|Any CPU
	EndGlobalSection
	GlobalSection(SolutionProperties) = preSolution
		HideSolutionNode = FALSE
	EndGlobalSection
	GlobalSection(ExtensibilityGlobals) = postSolution
		SolutionGuid = {B39108B3-EDC7-4448-84A5-86BA0F792C51}
	EndGlobalSection
EndGlobal
